
Microsoft Visual Studio Solution File, Format Version 12.00
# Visual Studio Version 16
VisualStudioVersion = 16.0.32002.261
MinimumVisualStudioVersion = 10.0.40219.1
Project("{9A19103F-16F7-4668-BE54-9A1E7A4F7556}") = "Assignment5", "Assignment5.csproj", "{EF746803-9D0F-4FED-8B57-BEEC2C5A7797}"
EndProject
Global
	GlobalSection(SolutionConfigurationPlatforms) = preSolution
		Debug|Any CPU = Debug|Any CPU
		Release|Any CPU = Release|Any CPU
	EndGlobalSection
	GlobalSection(ProjectConfigurationPlatforms) = postSolution
		{EF746803-9D0F-4FED-8B57-BEEC2C5A7797}.Debug|Any CPU.ActiveCfg = Debug|Any CPU
		{EF746803-9D0F-4FED-8B57-BEEC2C5A7797}.Debug|Any CPU.Build.0 = Debug|Any CPU
		{EF746803-9D0F-4FED-8B57-BEEC2C5A7797}.Release|Any CPU.ActiveCfg = Release|Any CPU
		{EF746803-9D0F-4FED-8B57-BEEC2C5A7797}.Release|Any CPU.Build.0 = Release|Any CPU
	EndGlobalSection
	GlobalSection(SolutionProperties) = preSolution
		HideSolutionNode = FALSE
	EndGlobalSection
	GlobalSection(ExtensibilityGlobals) = postSolution
		SolutionGuid = {639E91A9-5067-43CC-A70E-579A3B948F3B}
	EndGlobalSection
EndGlobal
